<?xml version="1.0" encoding="utf-8"?>
<Project ToolsVersion="4.0" xmlns="http://schemas.microsoft.com/developer/msbuild/2003">
  <ItemGroup>
    <Filter Include="源文件">
      <UniqueIdentifier>{4FC737F1-C7A5-4376-A066-2A32D752A2FF}</UniqueIdentifier>
      <Extensions>cpp;c;cc;cxx;def;odl;idl;hpj;bat;asm;asmx</Extensions>
    </Filter>
    <Filter Include="头文件">
      <UniqueIdentifier>{93995380-89BD-4b04-88EB-625FBE52EBFB}</UniqueIdentifier>
      <Extensions>h;hpp;hxx;hm;inl;inc;xsd</Extensions>
    </Filter>
    <Filter Include="资源文件">
      <UniqueIdentifier>{67DA6AB6-F800-4c08-8B7A-83BB121AAD01}</UniqueIdentifier>
      <Extensions>rc;ico;cur;bmp;dlg;rc2;rct;bin;rgs;gif;jpg;jpeg;jpe;resx;tiff;tif;png;wav;mfcribbon-ms</Extensions>
    </Filter>
    <Filter Include="源文件\0307">
      <UniqueIdentifier>{9072d365-98bb-4d35-80a9-1427b8b276d8}</UniqueIdentifier>
    </Filter>
    <Filter Include="源文件\noj">
      <UniqueIdentifier>{be1644ce-ddc9-48b3-aefc-1aa6cc3959ca}</UniqueIdentifier>
    </Filter>
    <Filter Include="源文件\leetcode">
      <UniqueIdentifier>{33f43e0d-9389-4666-b92c-295964033081}</UniqueIdentifier>
    </Filter>
    <Filter Include="源文件\leetcode\hot100">
      <UniqueIdentifier>{f05e8d2b-80e9-45a1-88d4-d3769c0617e3}</UniqueIdentifier>
    </Filter>
    <Filter Include="源文件\代码随想录">
      <UniqueIdentifier>{56dbd86e-447d-4dff-8340-efe977133b93}</UniqueIdentifier>
    </Filter>
    <Filter Include="源文件\代码随想录\哈希">
      <UniqueIdentifier>{1d3be43e-e67b-4fde-a3a6-72167722ad36}</UniqueIdentifier>
    </Filter>
  </ItemGroup>
  <ItemGroup>
    <ClCompile Include="main3849.cpp">
      <Filter>源文件\0307</Filter>
    </ClCompile>
    <ClCompile Include="main.cpp">
      <Filter>源文件\0307</Filter>
    </ClCompile>
    <ClCompile Include="main3842.cpp">
      <Filter>源文件\0307</Filter>
    </ClCompile>
    <ClCompile Include="main3843.cpp">
      <Filter>源文件\0307</Filter>
    </ClCompile>
    <ClCompile Include="main3491.cpp">
      <Filter>源文件\0307</Filter>
    </ClCompile>
    <ClCompile Include="main1003.cpp">
      <Filter>源文件\noj</Filter>
    </ClCompile>
    <ClCompile Include="main1023.cpp">
      <Filter>源文件\noj</Filter>
    </ClCompile>
    <ClCompile Include="main1024.cpp">
      <Filter>源文件\noj</Filter>
    </ClCompile>
    <ClCompile Include="main1022.cpp">
      <Filter>源文件\noj</Filter>
    </ClCompile>
    <ClCompile Include="main1020.cpp">
      <Filter>源文件\noj</Filter>
    </ClCompile>
    <ClCompile Include="main1029.cpp">
      <Filter>源文件\noj</Filter>
    </ClCompile>
    <ClCompile Include="main1014.cpp">
      <Filter>源文件\noj</Filter>
    </ClCompile>
    <ClCompile Include="main1007.cpp">
      <Filter>源文件\noj</Filter>
    </ClCompile>
    <ClCompile Include="main1008.cpp">
      <Filter>源文件\noj</Filter>
    </ClCompile>
    <ClCompile Include="test.cpp">
      <Filter>源文件\noj</Filter>
    </ClCompile>
    <ClCompile Include="main1010.cpp">
      <Filter>源文件\noj</Filter>
    </ClCompile>
    <ClCompile Include="main1011.cpp">
      <Filter>源文件\noj</Filter>
    </ClCompile>
    <ClCompile Include="main1012.cpp">
      <Filter>源文件\noj</Filter>
    </ClCompile>
    <ClCompile Include="001.cpp">
      <Filter>源文件\leetcode\hot100</Filter>
    </ClCompile>
    <ClCompile Include="002.cpp">
      <Filter>源文件\leetcode\hot100</Filter>
    </ClCompile>
    <ClCompile Include="128.cpp">
      <Filter>源文件\leetcode\hot100</Filter>
    </ClCompile>
    <ClCompile Include="560.cpp">
      <Filter>源文件\leetcode\hot100</Filter>
    </ClCompile>
    <ClCompile Include="053.cpp">
      <Filter>源文件\leetcode\hot100</Filter>
    </ClCompile>
    <ClCompile Include="main252.cpp">
      <Filter>源文件\0307</Filter>
    </ClCompile>
    <ClCompile Include="main3675.cpp">
      <Filter>源文件\0307</Filter>
    </ClCompile>
    <ClCompile Include="015.cpp">
      <Filter>源文件\leetcode\hot100</Filter>
    </ClCompile>
    <ClCompile Include="main01.cpp">
      <Filter>源文件\代码随想录\哈希</Filter>
    </ClCompile>
    <ClCompile Include="template.cpp">
      <Filter>源文件</Filter>
    </ClCompile>
    <ClCompile Include="main1005.cpp">
      <Filter>源文件\noj</Filter>
    </ClCompile>
    <ClCompile Include="main1017.cpp">
      <Filter>源文件\noj</Filter>
    </ClCompile>
    <ClCompile Include="main1017-2.cpp">
      <Filter>源文件\noj</Filter>
    </ClCompile>
    <ClCompile Include="main1021.cpp">
      <Filter>源文件\noj</Filter>
    </ClCompile>
    <ClCompile Include="main1019.cpp">
      <Filter>源文件\noj</Filter>
    </ClCompile>
    <ClCompile Include="main1018.cpp">
      <Filter>源文件\noj</Filter>
    </ClCompile>
  </ItemGroup>
</Project>